
Microsoft Visual Studio Solution File, Format Version 12.00
# Visual Studio Version 16
VisualStudioVersion = 16.0.30804.86
MinimumVisualStudioVersion = 10.0.40219.1
Project("{FAE04EC0-301F-11D3-BF4B-00C04F79EFBC}") = "ecommerceApplication", "ecommerceApplication\ecommerceApplication.csproj", "{0E149596-7A7B-489C-A76D-B81CD38ED23F}"
EndProject
Global
	GlobalSection(SolutionConfigurationPlatforms) = preSolution
		Debug|Any CPU = Debug|Any CPU
		Release|Any CPU = Release|Any CPU
	EndGlobalSection
	GlobalSection(ProjectConfigurationPlatforms) = postSolution
		{0E149596-7A7B-489C-A76D-B81CD38ED23F}.Debug|Any CPU.ActiveCfg = Debug|Any CPU
		{0E149596-7A7B-489C-A76D-B81CD38ED23F}.Debug|Any CPU.Build.0 = Debug|Any CPU
		{0E149596-7A7B-489C-A76D-B81CD38ED23F}.Release|Any CPU.ActiveCfg = Release|Any CPU
		{0E149596-7A7B-489C-A76D-B81CD38ED23F}.Release|Any CPU.Build.0 = Release|Any CPU
	EndGlobalSection
	GlobalSection(SolutionProperties) = preSolution
		HideSolutionNode = FALSE
	EndGlobalSection
	GlobalSection(ExtensibilityGlobals) = postSolution
		SolutionGuid = {F482D403-1C1F-4705-BD96-EDA1DB19933B}
	EndGlobalSection
EndGlobal
